
Microsoft Visual Studio Solution File, Format Version 12.00
# Visual Studio Version 16
VisualStudioVersion = 16.0.31205.134
MinimumVisualStudioVersion = 10.0.40219.1
Project("{FAE04EC0-301F-11D3-BF4B-00C04F79EFBC}") = "6", "6.csproj", "{45824496-65D5-44B7-9EEF-54FD417A8174}"
EndProject
Global
	GlobalSection(SolutionConfigurationPlatforms) = preSolution
		Debug|Any CPU = Debug|Any CPU
		Release|Any CPU = Release|Any CPU
	EndGlobalSection
	GlobalSection(ProjectConfigurationPlatforms) = postSolution
		{45824496-65D5-44B7-9EEF-54FD417A8174}.Debug|Any CPU.ActiveCfg = Debug|Any CPU
		{45824496-65D5-44B7-9EEF-54FD417A8174}.Debug|Any CPU.Build.0 = Debug|Any CPU
		{45824496-65D5-44B7-9EEF-54FD417A8174}.Release|Any CPU.ActiveCfg = Release|Any CPU
		{45824496-65D5-44B7-9EEF-54FD417A8174}.Release|Any CPU.Build.0 = Release|Any CPU
	EndGlobalSection
	GlobalSection(SolutionProperties) = preSolution
		HideSolutionNode = FALSE
	EndGlobalSection
	GlobalSection(ExtensibilityGlobals) = postSolution
		SolutionGuid = {DBE5B8F0-CE38-4D31-B4F2-55223617181B}
	EndGlobalSection
EndGlobal
